
Microsoft Visual Studio Solution File, Format Version 12.00
# Visual Studio 15
VisualStudioVersion = 15.0.28307.421
MinimumVisualStudioVersion = 10.0.40219.1
Project("{FAE04EC0-301F-11D3-BF4B-00C04F79EFBC}") = "LeetCode", "LeetCode\LeetCode.csproj", "{95B03D94-D6CA-4822-AD7B-6AD0FAEAE23B}"
EndProject
Global
	GlobalSection(SolutionConfigurationPlatforms) = preSolution
		Debug|Any CPU = Debug|Any CPU
		Release|Any CPU = Release|Any CPU
	EndGlobalSection
	GlobalSection(ProjectConfigurationPlatforms) = postSolution
		{95B03D94-D6CA-4822-AD7B-6AD0FAEAE23B}.Debug|Any CPU.ActiveCfg = Debug|Any CPU
		{95B03D94-D6CA-4822-AD7B-6AD0FAEAE23B}.Debug|Any CPU.Build.0 = Debug|Any CPU
		{95B03D94-D6CA-4822-AD7B-6AD0FAEAE23B}.Release|Any CPU.ActiveCfg = Release|Any CPU
		{95B03D94-D6CA-4822-AD7B-6AD0FAEAE23B}.Release|Any CPU.Build.0 = Release|Any CPU
	EndGlobalSection
	GlobalSection(SolutionProperties) = preSolution
		HideSolutionNode = FALSE
	EndGlobalSection
	GlobalSection(ExtensibilityGlobals) = postSolution
		SolutionGuid = {361133CF-95EE-4D66-90DB-5725C17BFEE9}
	EndGlobalSection
EndGlobal
